{
  "originHash" : "63b25e7e484f3cac5ffdd888388da4162f780bf2182aa21d427f737f69756e7d",
  "pins" : [
    {
      "identity" : "codescanner",
      "kind" : "remoteSourceControl",
      "location" : "https://github.com/twostraws/CodeScanner.git",
      "state" : {
        "revision" : "5e886430238944c7200fc9e10dbf2d9550dba865",
        "version" : "2.5.2"
      }
    },
    {
      "identity" : "swift-argument-parser",
      "kind" : "remoteSourceControl",
      "location" : "https://github.com/apple/swift-argument-parser",
      "state" : {
        "revision" : "c5d11a805e765f52ba34ec7284bd4fcd6ba68615",
        "version" : "1.7.0"
      }
    },
    {
      "identity" : "swiftterm",
      "kind" : "remoteSourceControl",
      "location" : "https://github.com/migueldeicaza/SwiftTerm.git",
      "state" : {
        "branch" : "main",
        "revision" : "025e8a20c02bdfdaf1ec66b517e369e09298b80c"
      }
    }
  ],
  "version" : 3
}
